
Microsoft Visual Studio Solution File, Format Version 12.00
# Visual Studio Version 17
VisualStudioVersion = 17.1.32228.430
MinimumVisualStudioVersion = 10.0.40219.1
Project("{FAE04EC0-301F-11D3-BF4B-00C04F79EFBC}") = "ConferenceRegistrationApi", "ConferenceRegistrationApi\ConferenceRegistrationApi.csproj", "{F4434254-8E28-485A-AF3F-A7C8076C6711}"
EndProject
Global
	GlobalSection(SolutionConfigurationPlatforms) = preSolution
		Debug|Any CPU = Debug|Any CPU
		Release|Any CPU = Release|Any CPU
	EndGlobalSection
	GlobalSection(ProjectConfigurationPlatforms) = postSolution
		{F4434254-8E28-485A-AF3F-A7C8076C6711}.Debug|Any CPU.ActiveCfg = Debug|Any CPU
		{F4434254-8E28-485A-AF3F-A7C8076C6711}.Debug|Any CPU.Build.0 = Debug|Any CPU
		{F4434254-8E28-485A-AF3F-A7C8076C6711}.Release|Any CPU.ActiveCfg = Release|Any CPU
		{F4434254-8E28-485A-AF3F-A7C8076C6711}.Release|Any CPU.Build.0 = Release|Any CPU
	EndGlobalSection
	GlobalSection(SolutionProperties) = preSolution
		HideSolutionNode = FALSE
	EndGlobalSection
	GlobalSection(ExtensibilityGlobals) = postSolution
		SolutionGuid = {DCBA11C8-AE86-4689-B065-E5DCBA0C8160}
	EndGlobalSection
EndGlobal
